// !$*UTF8*$!
{
	archiveVersion = 1;
	classes = {
	};
	objectVersion = 50;
	objects = {

/* Begin PBXBuildFile section */
		F45564D22631C6EE0005CCC7 /* FishApp.swift in Sources */ = {isa = PBXBuildFile; fileRef = F45564D12631C6EE0005CCC7 /* FishApp.swift */; };
		F45564D62631C6F00005CCC7 /* Assets.xcassets in Resources */ = {isa = PBXBuildFile; fileRef = F45564D52631C6F00005CCC7 /* Assets.xcassets */; };
		F45564D92631C6F00005CCC7 /* Preview Assets.xcassets in Resources */ = {isa = PBXBuildFile; fileRef = F45564D82631C6F00005CCC7 /* Preview Assets.xcassets */; };
		F45564DB2631C6F00005CCC7 /* Persistence.swift in Sources */ = {isa = PBXBuildFile; fileRef = F45564DA2631C6F00005CCC7 /* Persistence.swift */; };
		F45564DE2631C6F00005CCC7 /* Fish.xcdatamodeld in Sources */ = {isa = PBXBuildFile; fileRef = F45564DC2631C6F00005CCC7 /* Fish.xcdatamodeld */; };
		F45564E82631C75D0005CCC7 /* MainTabView.swift in Sources */ = {isa = PBXBuildFile; fileRef = F45564E72631C75D0005CCC7 /* MainTabView.swift */; };
		F45564EB2631C8920005CCC7 /* ContactsList.swift in Sources */ = {isa = PBXBuildFile; fileRef = F45564EA2631C8920005CCC7 /* ContactsList.swift */; };
		F45564EE2631CBEA0005CCC7 /* ContactsList+Extension.swift in Sources */ = {isa = PBXBuildFile; fileRef = F45564ED2631CBEA0005CCC7 /* ContactsList+Extension.swift */; };
		F45564F12631CF5F0005CCC7 /* Contact+Helper.swift in Sources */ = {isa = PBXBuildFile; fileRef = F45564F02631CF5F0005CCC7 /* Contact+Helper.swift */; };
		F45564F42631FF940005CCC7 /* Contact+Manager.swift in Sources */ = {isa = PBXBuildFile; fileRef = F45564F32631FF940005CCC7 /* Contact+Manager.swift */; };
/* End PBXBuildFile section */

/* Begin PBXFileReference section */
		F45564CE2631C6EE0005CCC7 /* Fish.app */ = {isa = PBXFileReference; explicitFileType = wrapper.application; includeInIndex = 0; path = Fish.app; sourceTree = BUILT_PRODUCTS_DIR; };
		F45564D12631C6EE0005CCC7 /* FishApp.swift */ = {isa = PBXFileReference; lastKnownFileType = sourcecode.swift; path = FishApp.swift; sourceTree = "<group>"; };
		F45564D52631C6F00005CCC7 /* Assets.xcassets */ = {isa = PBXFileReference; lastKnownFileType = folder.assetcatalog; path = Assets.xcassets; sourceTree = "<group>"; };
		F45564D82631C6F00005CCC7 /* Preview Assets.xcassets */ = {isa = PBXFileReference; lastKnownFileType = folder.assetcatalog; path = "Preview Assets.xcassets"; sourceTree = "<group>"; };
		F45564DA2631C6F00005CCC7 /* Persistence.swift */ = {isa = PBXFileReference; lastKnownFileType = sourcecode.swift; path = Persistence.swift; sourceTree = "<group>"; };
		F45564DD2631C6F00005CCC7 /* Fish.xcdatamodel */ = {isa = PBXFileReference; lastKnownFileType = wrapper.xcdatamodel; path = Fish.xcdatamodel; sourceTree = "<group>"; };
		F45564DF2631C6F00005CCC7 /* Info.plist */ = {isa = PBXFileReference; lastKnownFileType = text.plist.xml; path = Info.plist; sourceTree = "<group>"; };
		F45564E72631C75D0005CCC7 /* MainTabView.swift */ = {isa = PBXFileReference; lastKnownFileType = sourcecode.swift; path = MainTabView.swift; sourceTree = "<group>"; };
		F45564EA2631C8920005CCC7 /* ContactsList.swift */ = {isa = PBXFileReference; lastKnownFileType = sourcecode.swift; path = ContactsList.swift; sourceTree = "<group>"; };
		F45564ED2631CBEA0005CCC7 /* ContactsList+Extension.swift */ = {isa = PBXFileReference; lastKnownFileType = sourcecode.swift; path = "ContactsList+Extension.swift"; sourceTree = "<group>"; };
		F45564F02631CF5F0005CCC7 /* Contact+Helper.swift */ = {isa = PBXFileReference; lastKnownFileType = sourcecode.swift; path = "Contact+Helper.swift"; sourceTree = "<group>"; };
		F45564F32631FF940005CCC7 /* Contact+Manager.swift */ = {isa = PBXFileReference; lastKnownFileType = sourcecode.swift; path = "Contact+Manager.swift"; sourceTree = "<group>"; };
/* End PBXFileReference section */

/* Begin PBXFrameworksBuildPhase section */
		F45564CB2631C6EE0005CCC7 /* Frameworks */ = {
			isa = PBXFrameworksBuildPhase;
			buildActionMask = 2147483647;
			files = (
			);
			runOnlyForDeploymentPostprocessing = 0;
		};
/* End PBXFrameworksBuildPhase section */

/* Begin PBXGroup section */
		F45564C52631C6EE0005CCC7 = {
			isa = PBXGroup;
			children = (
				F45564D02631C6EE0005CCC7 /* Fish */,
				F45564CF2631C6EE0005CCC7 /* Products */,
			);
			sourceTree = "<group>";
		};
		F45564CF2631C6EE0005CCC7 /* Products */ = {
			isa = PBXGroup;
			children = (
				F45564CE2631C6EE0005CCC7 /* Fish.app */,
			);
			name = Products;
			sourceTree = "<group>";
		};
		F45564D02631C6EE0005CCC7 /* Fish */ = {
			isa = PBXGroup;
			children = (
				F45564D12631C6EE0005CCC7 /* FishApp.swift */,
				F45564E72631C75D0005CCC7 /* MainTabView.swift */,
				F45564DA2631C6F00005CCC7 /* Persistence.swift */,
				F45564EA2631C8920005CCC7 /* ContactsList.swift */,
				F45564ED2631CBEA0005CCC7 /* ContactsList+Extension.swift */,
				F45564F32631FF940005CCC7 /* Contact+Manager.swift */,
				F45564F02631CF5F0005CCC7 /* Contact+Helper.swift */,
				F45564D52631C6F00005CCC7 /* Assets.xcassets */,
				F45564DF2631C6F00005CCC7 /* Info.plist */,
				F45564DC2631C6F00005CCC7 /* Fish.xcdatamodeld */,
				F45564D72631C6F00005CCC7 /* Preview Content */,
			);
			path = Fish;
			sourceTree = "<group>";
		};
		F45564D72631C6F00005CCC7 /* Preview Content */ = {
			isa = PBXGroup;
			children = (
				F45564D82631C6F00005CCC7 /* Preview Assets.xcassets */,
			);
			path = "Preview Content";
			sourceTree = "<group>";
		};
/* End PBXGroup section */

/* Begin PBXNativeTarget section */
		F45564CD2631C6EE0005CCC7 /* Fish */ = {
			isa = PBXNativeTarget;
			buildConfigurationList = F45564E22631C6F00005CCC7 /* Build configuration list for PBXNativeTarget "Fish" */;
			buildPhases = (
				F45564CA2631C6EE0005CCC7 /* Sources */,
				F45564CB2631C6EE0005CCC7 /* Frameworks */,
				F45564CC2631C6EE0005CCC7 /* Resources */,
			);
			buildRules = (
			);
			dependencies = (
			);
			name = Fish;
			productName = Fish;
			productReference = F45564CE2631C6EE0005CCC7 /* Fish.app */;
			productType = "com.apple.product-type.application";
		};
/* End PBXNativeTarget section */

/* Begin PBXProject section */
		F45564C62631C6EE0005CCC7 /* Project object */ = {
			isa = PBXProject;
			attributes = {
				LastSwiftUpdateCheck = 1230;
				LastUpgradeCheck = 1230;
				TargetAttributes = {
					F45564CD2631C6EE0005CCC7 = {
						CreatedOnToolsVersion = 12.3;
					};
				};
			};
			buildConfigurationList = F45564C92631C6EE0005CCC7 /* Build configuration list for PBXProject "Fish" */;
			compatibilityVersion = "Xcode 9.3";
			developmentRegion = en;
			hasScannedForEncodings = 0;
			knownRegions = (
				en,
				Base,
			);
			mainGroup = F45564C52631C6EE0005CCC7;
			productRefGroup = F45564CF2631C6EE0005CCC7 /* Products */;
			projectDirPath = "";
			projectRoot = "";
			targets = (
				F45564CD2631C6EE0005CCC7 /* Fish */,
			);
		};
/* End PBXProject section */

/* Begin PBXResourcesBuildPhase section */
		F45564CC2631C6EE0005CCC7 /* Resources */ = {
			isa = PBXResourcesBuildPhase;
			buildActionMask = 2147483647;
			files = (
				F45564D92631C6F00005CCC7 /* Preview Assets.xcassets in Resources */,
				F45564D62631C6F00005CCC7 /* Assets.xcassets in Resources */,
			);
			runOnlyForDeploymentPostprocessing = 0;
		};
/* End PBXResourcesBuildPhase section */

/* Begin PBXSourcesBuildPhase section */
		F45564CA2631C6EE0005CCC7 /* Sources */ = {
			isa = PBXSourcesBuildPhase;
			buildActionMask = 2147483647;
			files = (
				F45564EB2631C8920005CCC7 /* ContactsList.swift in Sources */,
				F45564DB2631C6F00005CCC7 /* Persistence.swift in Sources */,
				F45564F42631FF940005CCC7 /* Contact+Manager.swift in Sources */,
				F45564D22631C6EE0005CCC7 /* FishApp.swift in Sources */,
				F45564DE2631C6F00005CCC7 /* Fish.xcdatamodeld in Sources */,
				F45564EE2631CBEA0005CCC7 /* ContactsList+Extension.swift in Sources */,
				F45564F12631CF5F0005CCC7 /* Contact+Helper.swift in Sources */,
				F45564E82631C75D0005CCC7 /* MainTabView.swift in Sources */,
			);
			runOnlyForDeploymentPostprocessing = 0;
		};
/* End PBXSourcesBuildPhase section */

/* Begin XCBuildConfiguration section */
		F45564E02631C6F00005CCC7 /* Debug */ = {
			isa = XCBuildConfiguration;
			buildSettings = {
				ALWAYS_SEARCH_USER_PATHS = NO;
				CLANG_ANALYZER_NONNULL = YES;
				CLANG_ANALYZER_NUMBER_OBJECT_CONVERSION = YES_AGGRESSIVE;
				CLANG_CXX_LANGUAGE_STANDARD = "gnu++14";
				CLANG_CXX_LIBRARY = "libc++";
				CLANG_ENABLE_MODULES = YES;
				CLANG_ENABLE_OBJC_ARC = YES;
				CLANG_ENABLE_OBJC_WEAK = YES;
				CLANG_WARN_BLOCK_CAPTURE_AUTORELEASING = YES;
				CLANG_WARN_BOOL_CONVERSION = YES;
				CLANG_WARN_COMMA = YES;
				CLANG_WARN_CONSTANT_CONVERSION = YES;
				CLANG_WARN_DEPRECATED_OBJC_IMPLEMENTATIONS = YES;
				CLANG_WARN_DIRECT_OBJC_ISA_USAGE = YES_ERROR;
				CLANG_WARN_DOCUMENTATION_COMMENTS = YES;
				CLANG_WARN_EMPTY_BODY = YES;
				CLANG_WARN_ENUM_CONVERSION = YES;
				CLANG_WARN_INFINITE_RECURSION = YES;
				CLANG_WARN_INT_CONVERSION = YES;
				CLANG_WARN_NON_LITERAL_NULL_CONVERSION = YES;
				CLANG_WARN_OBJC_IMPLICIT_RETAIN_SELF = YES;
				CLANG_WARN_OBJC_LITERAL_CONVERSION = YES;
				CLANG_WARN_OBJC_ROOT_CLASS = YES_ERROR;
				CLANG_WARN_QUOTED_INCLUDE_IN_FRAMEWORK_HEADER = YES;
				CLANG_WARN_RANGE_LOOP_ANALYSIS = YES;
				CLANG_WARN_STRICT_PROTOTYPES = YES;
				CLANG_WARN_SUSPICIOUS_MOVE = YES;
				CLANG_WARN_UNGUARDED_AVAILABILITY = YES_AGGRESSIVE;
				CLANG_WARN_UNREACHABLE_CODE = YES;
				CLANG_WARN__DUPLICATE_METHOD_MATCH = YES;
				COPY_PHASE_STRIP = NO;
				DEBUG_INFORMATION_FORMAT = dwarf;
				ENABLE_STRICT_OBJC_MSGSEND = YES;
				ENABLE_TESTABILITY = YES;
				GCC_C_LANGUAGE_STANDARD = gnu11;
				GCC_DYNAMIC_NO_PIC = NO;
				GCC_NO_COMMON_BLOCKS = YES;
				GCC_OPTIMIZATION_LEVEL = 0;
				GCC_PREPROCESSOR_DEFINITIONS = (
					"DEBUG=1",
					"$(inherited)",
				);
				GCC_WARN_64_TO_32_BIT_CONVERSION = YES;
				GCC_WARN_ABOUT_RETURN_TYPE = YES_ERROR;
				GCC_WARN_UNDECLARED_SELECTOR = YES;
				GCC_WARN_UNINITIALIZED_AUTOS = YES_AGGRESSIVE;
				GCC_WARN_UNUSED_FUNCTION = YES;
				GCC_WARN_UNUSED_VARIABLE = YES;
				IPHONEOS_DEPLOYMENT_TARGET = 14.3;
				MTL_ENABLE_DEBUG_INFO = INCLUDE_SOURCE;
				MTL_FAST_MATH = YES;
				ONLY_ACTIVE_ARCH = YES;
				SDKROOT = iphoneos;
				SWIFT_ACTIVE_COMPILATION_CONDITIONS = DEBUG;
				SWIFT_OPTIMIZATION_LEVEL = "-Onone";
			};
			name = Debug;
		};
		F45564E12631C6F00005CCC7 /* Release */ = {
			isa = XCBuildConfiguration;
			buildSettings = {
				ALWAYS_SEARCH_USER_PATHS = NO;
				CLANG_ANALYZER_NONNULL = YES;
				CLANG_ANALYZER_NUMBER_OBJECT_CONVERSION = YES_AGGRESSIVE;
				CLANG_CXX_LANGUAGE_STANDARD = "gnu++14";
				CLANG_CXX_LIBRARY = "libc++";
				CLANG_ENABLE_MODULES = YES;
				CLANG_ENABLE_OBJC_ARC = YES;
				CLANG_ENABLE_OBJC_WEAK = YES;
				CLANG_WARN_BLOCK_CAPTURE_AUTORELEASING = YES;
				CLANG_WARN_BOOL_CONVERSION = YES;
				CLANG_WARN_COMMA = YES;
				CLANG_WARN_CONSTANT_CONVERSION = YES;
				CLANG_WARN_DEPRECATED_OBJC_IMPLEMENTATIONS = YES;
				CLANG_WARN_DIRECT_OBJC_ISA_USAGE = YES_ERROR;
				CLANG_WARN_DOCUMENTATION_COMMENTS = YES;
				CLANG_WARN_EMPTY_BODY = YES;
				CLANG_WARN_ENUM_CONVERSION = YES;
				CLANG_WARN_INFINITE_RECURSION = YES;
				CLANG_WARN_INT_CONVERSION = YES;
				CLANG_WARN_NON_LITERAL_NULL_CONVERSION = YES;
				CLANG_WARN_OBJC_IMPLICIT_RETAIN_SELF = YES;
				CLANG_WARN_OBJC_LITERAL_CONVERSION = YES;
				CLANG_WARN_OBJC_ROOT_CLASS = YES_ERROR;
				CLANG_WARN_QUOTED_INCLUDE_IN_FRAMEWORK_HEADER = YES;
				CLANG_WARN_RANGE_LOOP_ANALYSIS = YES;
				CLANG_WARN_STRICT_PROTOTYPES = YES;
				CLANG_WARN_SUSPICIOUS_MOVE = YES;
				CLANG_WARN_UNGUARDED_AVAILABILITY = YES_AGGRESSIVE;
				CLANG_WARN_UNREACHABLE_CODE = YES;
				CLANG_WARN__DUPLICATE_METHOD_MATCH = YES;
				COPY_PHASE_STRIP = NO;
				DEBUG_INFORMATION_FORMAT = "dwarf-with-dsym";
				ENABLE_NS_ASSERTIONS = NO;
				ENABLE_STRICT_OBJC_MSGSEND = YES;
				GCC_C_LANGUAGE_STANDARD = gnu11;
				GCC_NO_COMMON_BLOCKS = YES;
				GCC_WARN_64_TO_32_BIT_CONVERSION = YES;
				GCC_WARN_ABOUT_RETURN_TYPE = YES_ERROR;
				GCC_WARN_UNDECLARED_SELECTOR = YES;
				GCC_WARN_UNINITIALIZED_AUTOS = YES_AGGRESSIVE;
				GCC_WARN_UNUSED_FUNCTION = YES;
				GCC_WARN_UNUSED_VARIABLE = YES;
				IPHONEOS_DEPLOYMENT_TARGET = 14.3;
				MTL_ENABLE_DEBUG_INFO = NO;
				MTL_FAST_MATH = YES;
				SDKROOT = iphoneos;
				SWIFT_COMPILATION_MODE = wholemodule;
				SWIFT_OPTIMIZATION_LEVEL = "-O";
				VALIDATE_PRODUCT = YES;
			};
			name = Release;
		};
		F45564E32631C6F00005CCC7 /* Debug */ = {
			isa = XCBuildConfiguration;
			buildSettings = {
				ASSETCATALOG_COMPILER_APPICON_NAME = AppIcon;
				ASSETCATALOG_COMPILER_GLOBAL_ACCENT_COLOR_NAME = AccentColor;
				CODE_SIGN_STYLE = Automatic;
				DEVELOPMENT_ASSET_PATHS = "\"Fish/Preview Content\"";
				DEVELOPMENT_TEAM = ENAZ3377RP;
				ENABLE_PREVIEWS = YES;
				INFOPLIST_FILE = Fish/Info.plist;
				IPHONEOS_DEPLOYMENT_TARGET = 14.0;
				LD_RUNPATH_SEARCH_PATHS = (
					"$(inherited)",
					"@executable_path/Frameworks",
				);
				PRODUCT_BUNDLE_IDENTIFIER = com.gymsymbol.Fish;
				PRODUCT_NAME = "$(TARGET_NAME)";
				SWIFT_VERSION = 5.0;
				TARGETED_DEVICE_FAMILY = "1,2";
			};
			name = Debug;
		};
		F45564E42631C6F00005CCC7 /* Release */ = {
			isa = XCBuildConfiguration;
			buildSettings = {
				ASSETCATALOG_COMPILER_APPICON_NAME = AppIcon;
				ASSETCATALOG_COMPILER_GLOBAL_ACCENT_COLOR_NAME = AccentColor;
				CODE_SIGN_STYLE = Automatic;
				DEVELOPMENT_ASSET_PATHS = "\"Fish/Preview Content\"";
				DEVELOPMENT_TEAM = ENAZ3377RP;
				ENABLE_PREVIEWS = YES;
				INFOPLIST_FILE = Fish/Info.plist;
				IPHONEOS_DEPLOYMENT_TARGET = 14.0;
				LD_RUNPATH_SEARCH_PATHS = (
					"$(inherited)",
					"@executable_path/Frameworks",
				);
				PRODUCT_BUNDLE_IDENTIFIER = com.gymsymbol.Fish;
				PRODUCT_NAME = "$(TARGET_NAME)";
				SWIFT_VERSION = 5.0;
				TARGETED_DEVICE_FAMILY = "1,2";
			};
			name = Release;
		};
/* End XCBuildConfiguration section */

/* Begin XCConfigurationList section */
		F45564C92631C6EE0005CCC7 /* Build configuration list for PBXProject "Fish" */ = {
			isa = XCConfigurationList;
			buildConfigurations = (
				F45564E02631C6F00005CCC7 /* Debug */,
				F45564E12631C6F00005CCC7 /* Release */,
			);
			defaultConfigurationIsVisible = 0;
			defaultConfigurationName = Release;
		};
		F45564E22631C6F00005CCC7 /* Build configuration list for PBXNativeTarget "Fish" */ = {
			isa = XCConfigurationList;
			buildConfigurations = (
				F45564E32631C6F00005CCC7 /* Debug */,
				F45564E42631C6F00005CCC7 /* Release */,
			);
			defaultConfigurationIsVisible = 0;
			defaultConfigurationName = Release;
		};
/* End XCConfigurationList section */

/* Begin XCVersionGroup section */
		F45564DC2631C6F00005CCC7 /* Fish.xcdatamodeld */ = {
			isa = XCVersionGroup;
			children = (
				F45564DD2631C6F00005CCC7 /* Fish.xcdatamodel */,
			);
			currentVersion = F45564DD2631C6F00005CCC7 /* Fish.xcdatamodel */;
			path = Fish.xcdatamodeld;
			sourceTree = "<group>";
			versionGroupType = wrapper.xcdatamodel;
		};
/* End XCVersionGroup section */
	};
	rootObject = F45564C62631C6EE0005CCC7 /* Project object */;
}
